
Microsoft Visual Studio Solution File, Format Version 12.00
# Visual Studio Version 17
VisualStudioVersion = 17.0.31903.59
MinimumVisualStudioVersion = 10.0.40219.1
Project("{2150E333-8FDC-42A3-9474-1A3956D46DE8}") = "src", "src", "{157D7136-07FB-4E99-ACC4-6C8883F05029}"
EndProject
Project("{FAE04EC0-301F-11D3-BF4B-00C04F79EFBC}") = "KayordKit.Core", "src\KayordKit.Core\KayordKit.Core.csproj", "{0E1BD183-6494-458D-B230-E90A2C552CCD}"
EndProject
Project("{FAE04EC0-301F-11D3-BF4B-00C04F79EFBC}") = "KayordKit", "src\KayordKit\KayordKit.csproj", "{9AFFBA47-B0E9-4C55-8D52-C76978EE633E}"
EndProject
Project("{FAE04EC0-301F-11D3-BF4B-00C04F79EFBC}") = "KayordKit.Api", "src\KayordKit.Api\KayordKit.Api.csproj", "{C87061A6-C719-4D43-9433-6902248E4205}"
EndProject
Project("{FAE04EC0-301F-11D3-BF4B-00C04F79EFBC}") = "KayordKit.Builder", "src\KayordKit.Builder\KayordKit.Builder.csproj", "{3656D586-7739-4303-830B-C8D84F72DE75}"
EndProject
Project("{FAE04EC0-301F-11D3-BF4B-00C04F79EFBC}") = "KayordKit.Data", "src\KayordKit.Data\KayordKit.Data.csproj", "{58047EF1-3BE8-4CDB-9585-5A87737301EA}"
EndProject
Project("{FAE04EC0-301F-11D3-BF4B-00C04F79EFBC}") = "KayordKit.Query", "src\KayordKit.Query\KayordKit.Query.csproj", "{8162DF0E-7C1E-477B-955A-F08D4E3A6A1E}"
EndProject
Global
	GlobalSection(SolutionConfigurationPlatforms) = preSolution
		Debug|Any CPU = Debug|Any CPU
		Release|Any CPU = Release|Any CPU
	EndGlobalSection
	GlobalSection(SolutionProperties) = preSolution
		HideSolutionNode = FALSE
	EndGlobalSection
	GlobalSection(ProjectConfigurationPlatforms) = postSolution
		{0E1BD183-6494-458D-B230-E90A2C552CCD}.Debug|Any CPU.ActiveCfg = Debug|Any CPU
		{0E1BD183-6494-458D-B230-E90A2C552CCD}.Debug|Any CPU.Build.0 = Debug|Any CPU
		{0E1BD183-6494-458D-B230-E90A2C552CCD}.Release|Any CPU.ActiveCfg = Release|Any CPU
		{0E1BD183-6494-458D-B230-E90A2C552CCD}.Release|Any CPU.Build.0 = Release|Any CPU
		{9AFFBA47-B0E9-4C55-8D52-C76978EE633E}.Debug|Any CPU.ActiveCfg = Debug|Any CPU
		{9AFFBA47-B0E9-4C55-8D52-C76978EE633E}.Debug|Any CPU.Build.0 = Debug|Any CPU
		{9AFFBA47-B0E9-4C55-8D52-C76978EE633E}.Release|Any CPU.ActiveCfg = Release|Any CPU
		{9AFFBA47-B0E9-4C55-8D52-C76978EE633E}.Release|Any CPU.Build.0 = Release|Any CPU
		{C87061A6-C719-4D43-9433-6902248E4205}.Debug|Any CPU.ActiveCfg = Debug|Any CPU
		{C87061A6-C719-4D43-9433-6902248E4205}.Debug|Any CPU.Build.0 = Debug|Any CPU
		{C87061A6-C719-4D43-9433-6902248E4205}.Release|Any CPU.ActiveCfg = Release|Any CPU
		{C87061A6-C719-4D43-9433-6902248E4205}.Release|Any CPU.Build.0 = Release|Any CPU
		{3656D586-7739-4303-830B-C8D84F72DE75}.Debug|Any CPU.ActiveCfg = Debug|Any CPU
		{3656D586-7739-4303-830B-C8D84F72DE75}.Debug|Any CPU.Build.0 = Debug|Any CPU
		{3656D586-7739-4303-830B-C8D84F72DE75}.Release|Any CPU.ActiveCfg = Release|Any CPU
		{3656D586-7739-4303-830B-C8D84F72DE75}.Release|Any CPU.Build.0 = Release|Any CPU
		{58047EF1-3BE8-4CDB-9585-5A87737301EA}.Debug|Any CPU.ActiveCfg = Debug|Any CPU
		{58047EF1-3BE8-4CDB-9585-5A87737301EA}.Debug|Any CPU.Build.0 = Debug|Any CPU
		{58047EF1-3BE8-4CDB-9585-5A87737301EA}.Release|Any CPU.ActiveCfg = Release|Any CPU
		{58047EF1-3BE8-4CDB-9585-5A87737301EA}.Release|Any CPU.Build.0 = Release|Any CPU
		{8162DF0E-7C1E-477B-955A-F08D4E3A6A1E}.Debug|Any CPU.ActiveCfg = Debug|Any CPU
		{8162DF0E-7C1E-477B-955A-F08D4E3A6A1E}.Debug|Any CPU.Build.0 = Debug|Any CPU
		{8162DF0E-7C1E-477B-955A-F08D4E3A6A1E}.Release|Any CPU.ActiveCfg = Release|Any CPU
		{8162DF0E-7C1E-477B-955A-F08D4E3A6A1E}.Release|Any CPU.Build.0 = Release|Any CPU
	EndGlobalSection
	GlobalSection(NestedProjects) = preSolution
		{0E1BD183-6494-458D-B230-E90A2C552CCD} = {157D7136-07FB-4E99-ACC4-6C8883F05029}
		{9AFFBA47-B0E9-4C55-8D52-C76978EE633E} = {157D7136-07FB-4E99-ACC4-6C8883F05029}
		{C87061A6-C719-4D43-9433-6902248E4205} = {157D7136-07FB-4E99-ACC4-6C8883F05029}
		{3656D586-7739-4303-830B-C8D84F72DE75} = {157D7136-07FB-4E99-ACC4-6C8883F05029}
		{58047EF1-3BE8-4CDB-9585-5A87737301EA} = {157D7136-07FB-4E99-ACC4-6C8883F05029}
		{8162DF0E-7C1E-477B-955A-F08D4E3A6A1E} = {157D7136-07FB-4E99-ACC4-6C8883F05029}
	EndGlobalSection
EndGlobal
